
Microsoft Visual Studio Solution File, Format Version 12.00
# Visual Studio Version 17
VisualStudioVersion = 17.7.34031.279
MinimumVisualStudioVersion = 10.0.40219.1
Project("{FAE04EC0-301F-11D3-BF4B-00C04F79EFBC}") = "16Nov_task", "16Nov_task.csproj", "{DF682A60-75B9-4244-9118-B3D8CA73FFFD}"
EndProject
Global
	GlobalSection(SolutionConfigurationPlatforms) = preSolution
		Debug|Any CPU = Debug|Any CPU
		Release|Any CPU = Release|Any CPU
	EndGlobalSection
	GlobalSection(ProjectConfigurationPlatforms) = postSolution
		{DF682A60-75B9-4244-9118-B3D8CA73FFFD}.Debug|Any CPU.ActiveCfg = Debug|Any CPU
		{DF682A60-75B9-4244-9118-B3D8CA73FFFD}.Debug|Any CPU.Build.0 = Debug|Any CPU
		{DF682A60-75B9-4244-9118-B3D8CA73FFFD}.Release|Any CPU.ActiveCfg = Release|Any CPU
		{DF682A60-75B9-4244-9118-B3D8CA73FFFD}.Release|Any CPU.Build.0 = Release|Any CPU
	EndGlobalSection
	GlobalSection(SolutionProperties) = preSolution
		HideSolutionNode = FALSE
	EndGlobalSection
	GlobalSection(ExtensibilityGlobals) = postSolution
		SolutionGuid = {F8ECEEFE-57F0-456F-8A17-E6B506A254CD}
	EndGlobalSection
EndGlobal
